
Microsoft Visual Studio Solution File, Format Version 12.00
# Visual Studio Version 16
VisualStudioVersion = 16.0.29418.71
MinimumVisualStudioVersion = 10.0.40219.1
Project("{8BC9CEB8-8B4A-11D0-8D11-00A0C91BC942}") = "guitest", "guitest\guitest.vcxproj", "{85CC82CF-60A1-4E38-822A-0DF7D2DB64EF}"
EndProject
Project("{FAE04EC0-301F-11D3-BF4B-00C04F79EFBC}") = "WinWMGUI", "WinWMGUI\WinWMGUI.csproj", "{9FC50CC8-0AC3-4966-9627-8BBB61BBF365}"
EndProject
Global
	GlobalSection(SolutionConfigurationPlatforms) = preSolution
		Debug|Any CPU = Debug|Any CPU
		Debug|x64 = Debug|x64
		Debug|x86 = Debug|x86
		Release|Any CPU = Release|Any CPU
		Release|x64 = Release|x64
		Release|x86 = Release|x86
	EndGlobalSection
	GlobalSection(ProjectConfigurationPlatforms) = postSolution
		{85CC82CF-60A1-4E38-822A-0DF7D2DB64EF}.Debug|Any CPU.ActiveCfg = Debug|Win32
		{85CC82CF-60A1-4E38-822A-0DF7D2DB64EF}.Debug|x64.ActiveCfg = Debug|x64
		{85CC82CF-60A1-4E38-822A-0DF7D2DB64EF}.Debug|x64.Build.0 = Debug|x64
		{85CC82CF-60A1-4E38-822A-0DF7D2DB64EF}.Debug|x86.ActiveCfg = Debug|Win32
		{85CC82CF-60A1-4E38-822A-0DF7D2DB64EF}.Debug|x86.Build.0 = Debug|Win32
		{85CC82CF-60A1-4E38-822A-0DF7D2DB64EF}.Release|Any CPU.ActiveCfg = Release|Win32
		{85CC82CF-60A1-4E38-822A-0DF7D2DB64EF}.Release|x64.ActiveCfg = Release|x64
		{85CC82CF-60A1-4E38-822A-0DF7D2DB64EF}.Release|x64.Build.0 = Release|x64
		{85CC82CF-60A1-4E38-822A-0DF7D2DB64EF}.Release|x86.ActiveCfg = Release|Win32
		{85CC82CF-60A1-4E38-822A-0DF7D2DB64EF}.Release|x86.Build.0 = Release|Win32
		{9FC50CC8-0AC3-4966-9627-8BBB61BBF365}.Debug|Any CPU.ActiveCfg = Debug|Any CPU
		{9FC50CC8-0AC3-4966-9627-8BBB61BBF365}.Debug|Any CPU.Build.0 = Debug|Any CPU
		{9FC50CC8-0AC3-4966-9627-8BBB61BBF365}.Debug|x64.ActiveCfg = Debug|Any CPU
		{9FC50CC8-0AC3-4966-9627-8BBB61BBF365}.Debug|x64.Build.0 = Debug|Any CPU
		{9FC50CC8-0AC3-4966-9627-8BBB61BBF365}.Debug|x86.ActiveCfg = Debug|Any CPU
		{9FC50CC8-0AC3-4966-9627-8BBB61BBF365}.Debug|x86.Build.0 = Debug|Any CPU
		{9FC50CC8-0AC3-4966-9627-8BBB61BBF365}.Release|Any CPU.ActiveCfg = Release|Any CPU
		{9FC50CC8-0AC3-4966-9627-8BBB61BBF365}.Release|Any CPU.Build.0 = Release|Any CPU
		{9FC50CC8-0AC3-4966-9627-8BBB61BBF365}.Release|x64.ActiveCfg = Release|Any CPU
		{9FC50CC8-0AC3-4966-9627-8BBB61BBF365}.Release|x64.Build.0 = Release|Any CPU
		{9FC50CC8-0AC3-4966-9627-8BBB61BBF365}.Release|x86.ActiveCfg = Release|Any CPU
		{9FC50CC8-0AC3-4966-9627-8BBB61BBF365}.Release|x86.Build.0 = Release|Any CPU
	EndGlobalSection
	GlobalSection(SolutionProperties) = preSolution
		HideSolutionNode = FALSE
	EndGlobalSection
	GlobalSection(ExtensibilityGlobals) = postSolution
		SolutionGuid = {4DADA408-E127-4A0E-B04C-7B60D9B2821B}
	EndGlobalSection
EndGlobal
